lockfileVersion: '6.0'

settings:
  autoInstallPeers: true
  excludeLinksFromLockfile: false

dependencies:
  quokka-plugin-subdir:
    specifier: ^0.1.0
    version: 0.1.0

devDependencies:
  '@types/node':
    specifier: '20'
    version: 20.10.4
  ts-node:
    specifier: 11.0.0-beta.1
    version: 11.0.0-beta.1(@types/node@20.10.4)(typescript@5.2.2)
  tsconfig-paths:
    specifier: 4.2.0
    version: 4.2.0
  typescript:
    specifier: 5.2.2
    version: 5.2.2

packages:

  /@cspotcode/source-map-support@0.8.1:
    resolution: {integrity: sha512-IchNf6dN4tHoMFIn/7OE8LWZ19Y6q/67Bmf6vnGREv8RSbBVb9LPJxEcnwrcwX6ixSvaiGoomAUvu4YSxXrVgw==}
    engines: {node: '>=12'}
    dependencies:
      '@jridgewell/trace-mapping': 0.3.9
    dev: true

  /@jridgewell/resolve-uri@3.1.1:
    resolution: {integrity: sha512-dSYZh7HhCDtCKm4QakX0xFpsRDqjjtZf/kjI/v3T3Nwt5r8/qz/M19F9ySyOqU94SXBmeG9ttTul+YnR4LOxFA==}
    engines: {node: '>=6.0.0'}
    dev: true

  /@jridgewell/sourcemap-codec@1.4.15:
    resolution: {integrity: sha512-eF2rxCRulEKXHTRiDrDy6erMYWqNw4LPdQ8UQA4huuxaQsVeRPFl2oM8oDGxMFhJUWZf9McpLtJasDDZb/Bpeg==}
    dev: true

  /@jridgewell/trace-mapping@0.3.9:
    resolution: {integrity: sha512-3Belt6tdc8bPgAtbcmdtNJlirVoTmEb5e2gC94PnkwEW9jI6CAHUeoG85tjWP5WquqfavoMtMwiG4P926ZKKuQ==}
    dependencies:
      '@jridgewell/resolve-uri': 3.1.1
      '@jridgewell/sourcemap-codec': 1.4.15
    dev: true

  /@tsconfig/node14@14.1.0:
    resolution: {integrity: sha512-VmsCG04YR58ciHBeJKBDNMWWfYbyP8FekWVuTlpstaUPlat1D0x/tXzkWP7yCMU0eSz9V4OZU0LBWTFJ3xZf6w==}
    dev: true

  /@tsconfig/node16@16.1.1:
    resolution: {integrity: sha512-+pio93ejHN4nINX4pXqfnR/fPLRtJBaT4ORaa5RH0Oc1zoYmo2B2koG+M328CQhHKn1Wj6FcOxCDFXAot9NhvA==}
    dev: true

  /@tsconfig/node18@18.2.2:
    resolution: {integrity: sha512-d6McJeGsuoRlwWZmVIeE8CUA27lu6jLjvv1JzqmpsytOYYbVi1tHZEnwCNVOXnj4pyLvneZlFlpXUK+X9wBWyw==}
    dev: true

  /@tsconfig/node20@20.1.2:
    resolution: {integrity: sha512-madaWq2k+LYMEhmcp0fs+OGaLFk0OenpHa4gmI4VEmCKX4PJntQ6fnnGADVFrVkBj0wIdAlQnK/MrlYTHsa1gQ==}
    dev: true

  /@types/node@20.10.4:
    resolution: {integrity: sha512-D08YG6rr8X90YB56tSIuBaddy/UXAA9RKJoFvrsnogAum/0pmjkgi4+2nx96A330FmioegBWmEYQ+syqCFaveg==}
    dependencies:
      undici-types: 5.26.5
    dev: true

  /acorn-walk@8.3.1:
    resolution: {integrity: sha512-TgUZgYvqZprrl7YldZNoa9OciCAyZR+Ejm9eXzKCmjsF5IKp/wgQ7Z/ZpjpGTIUPwrHQIcYeI8qDh4PsEwxMbw==}
    engines: {node: '>=0.4.0'}
    dev: true

  /acorn@8.11.2:
    resolution: {integrity: sha512-nc0Axzp/0FILLEVsm4fNwLCwMttvhEI263QtVPQcbpfZZ3ts0hLsZGOpE6czNlid7CJ9MlyH8reXkpsf3YUY4w==}
    engines: {node: '>=0.4.0'}
    hasBin: true
    dev: true

  /arg@4.1.3:
    resolution: {integrity: sha512-58S9QDqG0Xx27YwPSt9fJxivjYl432YCwfDMfZ+71RAqUrZef7LrKQZ3LHLOwCS4FLNBplP533Zx895SeOCHvA==}
    dev: true

  /diff@4.0.2:
    resolution: {integrity: sha512-58lmxKSA4BNyLz+HHMUzlOEpg09FV+ev6ZMe3vJihgdxzgcwZ8VoEEPmALCZG9LmqfVoNMMKpttIYTVG6uDY7A==}
    engines: {node: '>=0.3.1'}
    dev: true

  /json5@2.2.3:
    resolution: {integrity: sha512-XmOWe7eyHYH14cLdVPoyg+GOH3rYX++KpzrylJwSW98t3Nk+U8XOl8FWKOgwtzdb8lXGf6zYwDUzeHMWfxasyg==}
    engines: {node: '>=6'}
    hasBin: true
    dev: true

  /make-error@1.3.6:
    resolution: {integrity: sha512-s8UhlNe7vPKomQhC1qFelMokr/Sc3AgNbso3n74mVPA5LTZwkB9NlXf4XPamLxJE8h0gh73rM94xvwRT2CVInw==}
    dev: true

  /minimist@1.2.8:
    resolution: {integrity: sha512-2yyAR8qBkN3YuheJanUpWC5U3bb5osDywNB8RzDVlDwDHbocAJveqqj1u8+SVD7jkWT4yvsHCpWqqWqAxb0zCA==}
    dev: true

  /quokka-plugin-subdir@0.1.0:
    resolution: {integrity: sha512-5DRciuL2rZQKc/koLHYupOckFCFtn8oEbAILMiKBHeRuT/kvlyDrft4VTeSadPDW7Knh9iSWuLBNMb/ksdnL/g==}
    dev: false

  /strip-bom@3.0.0:
    resolution: {integrity: sha512-vavAMRXOgBVNF6nyEEmL3DBK19iRpDcoIwW+swQ+CbGiu7lju6t+JklA1MHweoWtadgt4ISVUsXLyDq34ddcwA==}
    engines: {node: '>=4'}
    dev: true

  /ts-node@11.0.0-beta.1(@types/node@20.10.4)(typescript@5.2.2):
    resolution: {integrity: sha512-WMSROP+1pU22Q/Tm40mjfRg130yD8i0g6ROST04ZpocfH8sl1zD75ON4XQMcBEVViXMVemJBH0alflE7xePdRA==}
    hasBin: true
    peerDependencies:
      '@swc/core': '>=1.3.85'
      '@swc/wasm': '>=1.3.85'
      '@types/node': '*'
      typescript: '>=4.4'
    peerDependenciesMeta:
      '@swc/core':
        optional: true
      '@swc/wasm':
        optional: true
    dependencies:
      '@cspotcode/source-map-support': 0.8.1
      '@tsconfig/node14': 14.1.0
      '@tsconfig/node16': 16.1.1
      '@tsconfig/node18': 18.2.2
      '@tsconfig/node20': 20.1.2
      '@types/node': 20.10.4
      acorn: 8.11.2
      acorn-walk: 8.3.1
      arg: 4.1.3
      diff: 4.0.2
      make-error: 1.3.6
      typescript: 5.2.2
      v8-compile-cache-lib: 3.0.1
    dev: true

  /tsconfig-paths@4.2.0:
    resolution: {integrity: sha512-NoZ4roiN7LnbKn9QqE1amc9DJfzvZXxF4xDavcOWt1BPkdx+m+0gJuPM+S0vCe7zTJMYUP0R8pO2XMr+Y8oLIg==}
    engines: {node: '>=6'}
    dependencies:
      json5: 2.2.3
      minimist: 1.2.8
      strip-bom: 3.0.0
    dev: true

  /typescript@5.2.2:
    resolution: {integrity: sha512-mI4WrpHsbCIcwT9cF4FZvr80QUeKvsUsUvKDoR+X/7XHQH98xYD8YHZg7ANtz2GtZt/CBq2QJ0thkGJMHfqc1w==}
    engines: {node: '>=14.17'}
    hasBin: true
    dev: true

  /undici-types@5.26.5:
    resolution: {integrity: sha512-JlCMO+ehdEIKqlFxk6IfVoAUVmgz7cU7zD/h9XZ0qzeosSHmUJVOzSQvvYSYWXkFXC+IfLKSIffhv0sVZup6pA==}
    dev: true

  /v8-compile-cache-lib@3.0.1:
    resolution: {integrity: sha512-wa7YjyUGfNZngI/vtK0UHAN+lgDCxBPCylVXGp0zu59Fz5aiGtNXaq3DhIov063MorB+VfufLh3JlF2KdTK3xg==}
    dev: true
